
Microsoft Visual Studio Solution File, Format Version 12.00
# Visual Studio Version 17
VisualStudioVersion = 17.2.32505.173
MinimumVisualStudioVersion = 10.0.40219.1
Project("{FAE04EC0-301F-11D3-BF4B-00C04F79EFBC}") = "CompEmpManageWPF", "CompEmpManageWPF\CompEmpManageWPF.csproj", "{90AF594F-5748-4C03-AE46-62FF42E090AD}"
EndProject
Global
	GlobalSection(SolutionConfigurationPlatforms) = preSolution
		Debug|Any CPU = Debug|Any CPU
		Release|Any CPU = Release|Any CPU
	EndGlobalSection
	GlobalSection(ProjectConfigurationPlatforms) = postSolution
		{90AF594F-5748-4C03-AE46-62FF42E090AD}.Debug|Any CPU.ActiveCfg = Debug|Any CPU
		{90AF594F-5748-4C03-AE46-62FF42E090AD}.Debug|Any CPU.Build.0 = Debug|Any CPU
		{90AF594F-5748-4C03-AE46-62FF42E090AD}.Release|Any CPU.ActiveCfg = Release|Any CPU
		{90AF594F-5748-4C03-AE46-62FF42E090AD}.Release|Any CPU.Build.0 = Release|Any CPU
	EndGlobalSection
	GlobalSection(SolutionProperties) = preSolution
		HideSolutionNode = FALSE
	EndGlobalSection
	GlobalSection(ExtensibilityGlobals) = postSolution
		SolutionGuid = {5B7D8997-937C-4B11-B641-BCB178FD3FC1}
	EndGlobalSection
EndGlobal
